{"1.2.0",
[{<<"dh_date">>,{pkg,<<"dh_date">>,<<"1.0.0">>},0},
 {<<"meck">>,{pkg,<<"meck">>,<<"0.9.2">>},0}]}.
[
{pkg_hash,[
 {<<"dh_date">>, <<"5B0C286665E160DE44132552931BEF06B5CB2244D5BD20E333A686E9D8BF92E3">>},
 {<<"meck">>, <<"85CCBAB053F1DB86C7CA240E9FC718170EE5BDA03810A6292B5306BF31BAE5F5">>}]},
{pkg_hash_ext,[
 {<<"dh_date">>, <<"3F5D908383A0243A693147EA85A5654769B90078AC999A076ED6F0917F7614CF">>},
 {<<"meck">>, <<"81344F561357DC40A8344AFA53767C32669153355B626EA9FCBC8DA6B3045826">>}]}
].
